
Microsoft Visual Studio Solution File, Format Version 12.00
# Visual Studio Version 17
VisualStudioVersion = 17.14.36623.8
MinimumVisualStudioVersion = 10.0.40219.1
Project("{FAE04EC0-301F-11D3-BF4B-00C04F79EFBC}") = "Persona3Compendium.Web", "Persona3Compendium.Web\Persona3Compendium.Web.csproj", "{39DC2F1A-B08F-46F7-A59C-B87A80390486}"
EndProject
Project("{FAE04EC0-301F-11D3-BF4B-00C04F79EFBC}") = "API-Fetch", "ConsoleApp1\API-Fetch.csproj", "{090A5C1E-317D-4858-96B0-7E0D87F5DD4D}"
EndProject
Global
	GlobalSection(SolutionConfigurationPlatforms) = preSolution
		Debug|Any CPU = Debug|Any CPU
		Release|Any CPU = Release|Any CPU
	EndGlobalSection
	GlobalSection(ProjectConfigurationPlatforms) = postSolution
		{39DC2F1A-B08F-46F7-A59C-B87A80390486}.Debug|Any CPU.ActiveCfg = Debug|Any CPU
		{39DC2F1A-B08F-46F7-A59C-B87A80390486}.Debug|Any CPU.Build.0 = Debug|Any CPU
		{39DC2F1A-B08F-46F7-A59C-B87A80390486}.Release|Any CPU.ActiveCfg = Release|Any CPU
		{39DC2F1A-B08F-46F7-A59C-B87A80390486}.Release|Any CPU.Build.0 = Release|Any CPU
		{090A5C1E-317D-4858-96B0-7E0D87F5DD4D}.Debug|Any CPU.ActiveCfg = Debug|Any CPU
		{090A5C1E-317D-4858-96B0-7E0D87F5DD4D}.Debug|Any CPU.Build.0 = Debug|Any CPU
		{090A5C1E-317D-4858-96B0-7E0D87F5DD4D}.Release|Any CPU.ActiveCfg = Release|Any CPU
		{090A5C1E-317D-4858-96B0-7E0D87F5DD4D}.Release|Any CPU.Build.0 = Release|Any CPU
	EndGlobalSection
	GlobalSection(SolutionProperties) = preSolution
		HideSolutionNode = FALSE
	EndGlobalSection
	GlobalSection(ExtensibilityGlobals) = postSolution
		SolutionGuid = {561D88D9-C7A9-4FAB-B767-5D4D575A5E98}
	EndGlobalSection
EndGlobal
